// !$*UTF8*$!
{
	archiveVersion = 1;
	classes = {
	};
	objectVersion = 46;
	objects = {

/* Begin PBXBuildFile section */
		FAE1C1BC19FC448F004EE2DC /* AppDelegate.swift in Sources */ = {isa = PBXBuildFile; fileRef = FAE1C1BB19FC448F004EE2DC /* AppDelegate.swift */; };
		FAE1C1BE19FC448F004EE2DC /* ViewController.swift in Sources */ = {isa = PBXBuildFile; fileRef = FAE1C1BD19FC448F004EE2DC /* ViewController.swift */; };
		FAE1C1C119FC448F004EE2DC /* Main.storyboard in Resources */ = {isa = PBXBuildFile; fileRef = FAE1C1BF19FC448F004EE2DC /* Main.storyboard */; };
		FAE1C1C319FC448F004EE2DC /* Images.xcassets in Resources */ = {isa = PBXBuildFile; fileRef = FAE1C1C219FC448F004EE2DC /* Images.xcassets */; };
		FAE1C1C619FC448F004EE2DC /* LaunchScreen.xib in Resources */ = {isa = PBXBuildFile; fileRef = FAE1C1C419FC448F004EE2DC /* LaunchScreen.xib */; };
		FAE1C1D219FC448F004EE2DC /* PostcardTests.swift in Sources */ = {isa = PBXBuildFile; fileRef = FAE1C1D119FC448F004EE2DC /* PostcardTests.swift */; };
/* End PBXBuildFile section */

/* Begin PBXContainerItemProxy section */
		FAE1C1CC19FC448F004EE2DC /* PBXContainerItemProxy */ = {
			isa = PBXContainerItemProxy;
			containerPortal = FAE1C1AE19FC448E004EE2DC /* Project object */;
			proxyType = 1;
			remoteGlobalIDString = FAE1C1B519FC448F004EE2DC;
			remoteInfo = Postcard;
		};
/* End PBXContainerItemProxy section */

/* Begin PBXFileReference section */
		FAE1C1B619FC448F004EE2DC /* Postcard.app */ = {isa = PBXFileReference; explicitFileType = wrapper.application; includeInIndex = 0; path = Postcard.app; sourceTree = BUILT_PRODUCTS_DIR; };
		FAE1C1BA19FC448F004EE2DC /* Info.plist */ = {isa = PBXFileReference; lastKnownFileType = text.plist.xml; path = Info.plist; sourceTree = "<group>"; };
		FAE1C1BB19FC448F004EE2DC /* AppDelegate.swift */ = {isa = PBXFileReference; lastKnownFileType = sourcecode.swift; path = AppDelegate.swift; sourceTree = "<group>"; };
		FAE1C1BD19FC448F004EE2DC /* ViewController.swift */ = {isa = PBXFileReference; lastKnownFileType = sourcecode.swift; path = ViewController.swift; sourceTree = "<group>"; };
		FAE1C1C019FC448F004EE2DC /* Base */ = {isa = PBXFileReference; lastKnownFileType = file.storyboard; name = Base; path = Base.lproj/Main.storyboard; sourceTree = "<group>"; };
		FAE1C1C219FC448F004EE2DC /* Images.xcassets */ = {isa = PBXFileReference; lastKnownFileType = folder.assetcatalog; path = Images.xcassets; sourceTree = "<group>"; };
		FAE1C1C519FC448F004EE2DC /* Base */ = {isa = PBXFileReference; lastKnownFileType = file.xib; name = Base; path = Base.lproj/LaunchScreen.xib; sourceTree = "<group>"; };
		FAE1C1CB19FC448F004EE2DC /* PostcardTests.xctest */ = {isa = PBXFileReference; explicitFileType = wrapper.cfbundle; includeInIndex = 0; path = PostcardTests.xctest; sourceTree = BUILT_PRODUCTS_DIR; };
		FAE1C1D019FC448F004EE2DC /* Info.plist */ = {isa = PBXFileReference; lastKnownFileType = text.plist.xml; path = Info.plist; sourceTree = "<group>"; };
		FAE1C1D119FC448F004EE2DC /* PostcardTests.swift */ = {isa = PBXFileReference; lastKnownFileType = sourcecode.swift; path = PostcardTests.swift; sourceTree = "<group>"; };
/* End PBXFileReference section */

/* Begin PBXFrameworksBuildPhase section */
		FAE1C1B319FC448F004EE2DC /* Frameworks */ = {
			isa = PBXFrameworksBuildPhase;
			buildActionMask = 2147483647;
			files = (
			);
			runOnlyForDeploymentPostprocessing = 0;
		};
		FAE1C1C819FC448F004EE2DC /* Frameworks */ = {
			isa = PBXFrameworksBuildPhase;
			buildActionMask = 2147483647;
			files = (
			);
			runOnlyForDeploymentPostprocessing = 0;
		};
/* End PBXFrameworksBuildPhase section */

/* Begin PBXGroup section */
		FAE1C1AD19FC448E004EE2DC = {
			isa = PBXGroup;
			children = (
				FAE1C1B819FC448F004EE2DC /* Postcard */,
				FAE1C1CE19FC448F004EE2DC /* PostcardTests */,
				FAE1C1B719FC448F004EE2DC /* Products */,
			);
			sourceTree = "<group>";
		};
		FAE1C1B719FC448F004EE2DC /* Products */ = {
			isa = PBXGroup;
			children = (
				FAE1C1B619FC448F004EE2DC /* Postcard.app */,
				FAE1C1CB19FC448F004EE2DC /* PostcardTests.xctest */,
			);
			name = Products;
			sourceTree = "<group>";
		};
		FAE1C1B819FC448F004EE2DC /* Postcard */ = {
			isa = PBXGroup;
			children = (
				FAE1C1BB19FC448F004EE2DC /* AppDelegate.swift */,
				FAE1C1BD19FC448F004EE2DC /* ViewController.swift */,
				FAE1C1BF19FC448F004EE2DC /* Main.storyboard */,
				FAE1C1C219FC448F004EE2DC /* Images.xcassets */,
				FAE1C1C419FC448F004EE2DC /* LaunchScreen.xib */,
				FAE1C1B919FC448F004EE2DC /* Supporting Files */,
			);
			path = Postcard;
			sourceTree = "<group>";
		};
		FAE1C1B919FC448F004EE2DC /* Supporting Files */ = {
			isa = PBXGroup;
			children = (
				FAE1C1BA19FC448F004EE2DC /* Info.plist */,
			);
			name = "Supporting Files";
			sourceTree = "<group>";
		};
		FAE1C1CE19FC448F004EE2DC /* PostcardTests */ = {
			isa = PBXGroup;
			children = (
				FAE1C1D119FC448F004EE2DC /* PostcardTests.swift */,
				FAE1C1CF19FC448F004EE2DC /* Supporting Files */,
			);
			path = PostcardTests;
			sourceTree = "<group>";
		};
		FAE1C1CF19FC448F004EE2DC /* Supporting Files */ = {
			isa = PBXGroup;
			children = (
				FAE1C1D019FC448F004EE2DC /* Info.plist */,
			);
			name = "Supporting Files";
			sourceTree = "<group>";
		};
/* End PBXGroup section */

/* Begin PBXNativeTarget section */
		FAE1C1B519FC448F004EE2DC /* Postcard */ = {
			isa = PBXNativeTarget;
			buildConfigurationList = FAE1C1D519FC448F004EE2DC /* Build configuration list for PBXNativeTarget "Postcard" */;
			buildPhases = (
				FAE1C1B219FC448F004EE2DC /* Sources */,
				FAE1C1B319FC448F004EE2DC /* Frameworks */,
				FAE1C1B419FC448F004EE2DC /* Resources */,
			);
			buildRules = (
			);
			dependencies = (
			);
			name = Postcard;
			productName = Postcard;
			productReference = FAE1C1B619FC448F004EE2DC /* Postcard.app */;
			productType = "com.apple.product-type.application";
		};
		FAE1C1CA19FC448F004EE2DC /* PostcardTests */ = {
			isa = PBXNativeTarget;
			buildConfigurationList = FAE1C1D819FC448F004EE2DC /* Build configuration list for PBXNativeTarget "PostcardTests" */;
			buildPhases = (
				FAE1C1C719FC448F004EE2DC /* Sources */,
				FAE1C1C819FC448F004EE2DC /* Frameworks */,
				FAE1C1C919FC448F004EE2DC /* Resources */,
			);
			buildRules = (
			);
			dependencies = (
				FAE1C1CD19FC448F004EE2DC /* PBXTargetDependency */,
			);
			name = PostcardTests;
			productName = PostcardTests;
			productReference = FAE1C1CB19FC448F004EE2DC /* PostcardTests.xctest */;
			productType = "com.apple.product-type.bundle.unit-test";
		};
/* End PBXNativeTarget section */

/* Begin PBXProject section */
		FAE1C1AE19FC448E004EE2DC /* Project object */ = {
			isa = PBXProject;
			attributes = {
				LastUpgradeCheck = 0610;
				ORGANIZATIONNAME = ConstructySystems;
				TargetAttributes = {
					FAE1C1B519FC448F004EE2DC = {
						CreatedOnToolsVersion = 6.1;
					};
					FAE1C1CA19FC448F004EE2DC = {
						CreatedOnToolsVersion = 6.1;
						TestTargetID = FAE1C1B519FC448F004EE2DC;
					};
				};
			};
			buildConfigurationList = FAE1C1B119FC448E004EE2DC /* Build configuration list for PBXProject "Postcard" */;
			compatibilityVersion = "Xcode 3.2";
			developmentRegion = English;
			hasScannedForEncodings = 0;
			knownRegions = (
				en,
				Base,
			);
			mainGroup = FAE1C1AD19FC448E004EE2DC;
			productRefGroup = FAE1C1B719FC448F004EE2DC /* Products */;
			projectDirPath = "";
			projectRoot = "";
			targets = (
				FAE1C1B519FC448F004EE2DC /* Postcard */,
				FAE1C1CA19FC448F004EE2DC /* PostcardTests */,
			);
		};
/* End PBXProject section */

/* Begin PBXResourcesBuildPhase section */
		FAE1C1B419FC448F004EE2DC /* Resources */ = {
			isa = PBXResourcesBuildPhase;
			buildActionMask = 2147483647;
			files = (
				FAE1C1C119FC448F004EE2DC /* Main.storyboard in Resources */,
				FAE1C1C619FC448F004EE2DC /* LaunchScreen.xib in Resources */,
				FAE1C1C319FC448F004EE2DC /* Images.xcassets in Resources */,
			);
			runOnlyForDeploymentPostprocessing = 0;
		};
		FAE1C1C919FC448F004EE2DC /* Resources */ = {
			isa = PBXResourcesBuildPhase;
			buildActionMask = 2147483647;
			files = (
			);
			runOnlyForDeploymentPostprocessing = 0;
		};
/* End PBXResourcesBuildPhase section */

/* Begin PBXSourcesBuildPhase section */
		FAE1C1B219FC448F004EE2DC /* Sources */ = {
			isa = PBXSourcesBuildPhase;
			buildActionMask = 2147483647;
			files = (
				FAE1C1BE19FC448F004EE2DC /* ViewController.swift in Sources */,
				FAE1C1BC19FC448F004EE2DC /* AppDelegate.swift in Sources */,
			);
			runOnlyForDeploymentPostprocessing = 0;
		};
		FAE1C1C719FC448F004EE2DC /* Sources */ = {
			isa = PBXSourcesBuildPhase;
			buildActionMask = 2147483647;
			files = (
				FAE1C1D219FC448F004EE2DC /* PostcardTests.swift in Sources */,
			);
			runOnlyForDeploymentPostprocessing = 0;
		};
/* End PBXSourcesBuildPhase section */

/* Begin PBXTargetDependency section */
		FAE1C1CD19FC448F004EE2DC /* PBXTargetDependency */ = {
			isa = PBXTargetDependency;
			target = FAE1C1B519FC448F004EE2DC /* Postcard */;
			targetProxy = FAE1C1CC19FC448F004EE2DC /* PBXContainerItemProxy */;
		};
/* End PBXTargetDependency section */

/* Begin PBXVariantGroup section */
		FAE1C1BF19FC448F004EE2DC /* Main.storyboard */ = {
			isa = PBXVariantGroup;
			children = (
				FAE1C1C019FC448F004EE2DC /* Base */,
			);
			name = Main.storyboard;
			sourceTree = "<group>";
		};
		FAE1C1C419FC448F004EE2DC /* LaunchScreen.xib */ = {
			isa = PBXVariantGroup;
			children = (
				FAE1C1C519FC448F004EE2DC /* Base */,
			);
			name = LaunchScreen.xib;
			sourceTree = "<group>";
		};
/* End PBXVariantGroup section */

/* Begin XCBuildConfiguration section */
		FAE1C1D319FC448F004EE2DC /* Debug */ = {
			isa = XCBuildConfiguration;
			buildSettings = {
				ALWAYS_SEARCH_USER_PATHS = NO;
				CLANG_CXX_LANGUAGE_STANDARD = "gnu++0x";
				CLANG_CXX_LIBRARY = "libc++";
				CLANG_ENABLE_MODULES = YES;
				CLANG_ENABLE_OBJC_ARC = YES;
				CLANG_WARN_BOOL_CONVERSION = YES;
				CLANG_WARN_CONSTANT_CONVERSION = YES;
				CLANG_WARN_DIRECT_OBJC_ISA_USAGE = YES_ERROR;
				CLANG_WARN_EMPTY_BODY = YES;
				CLANG_WARN_ENUM_CONVERSION = YES;
				CLANG_WARN_INT_CONVERSION = YES;
				CLANG_WARN_OBJC_ROOT_CLASS = YES_ERROR;
				CLANG_WARN_UNREACHABLE_CODE = YES;
				CLANG_WARN__DUPLICATE_METHOD_MATCH = YES;
				"CODE_SIGN_IDENTITY[sdk=iphoneos*]" = "iPhone Developer";
				COPY_PHASE_STRIP = NO;
				ENABLE_STRICT_OBJC_MSGSEND = YES;
				GCC_C_LANGUAGE_STANDARD = gnu99;
				GCC_DYNAMIC_NO_PIC = NO;
				GCC_OPTIMIZATION_LEVEL = 0;
				GCC_PREPROCESSOR_DEFINITIONS = (
					"DEBUG=1",
					"$(inherited)",
				);
				GCC_SYMBOLS_PRIVATE_EXTERN = NO;
				GCC_WARN_64_TO_32_BIT_CONVERSION = YES;
				GCC_WARN_ABOUT_RETURN_TYPE = YES_ERROR;
				GCC_WARN_UNDECLARED_SELECTOR = YES;
				GCC_WARN_UNINITIALIZED_AUTOS = YES_AGGRESSIVE;
				GCC_WARN_UNUSED_FUNCTION = YES;
				GCC_WARN_UNUSED_VARIABLE = YES;
				IPHONEOS_DEPLOYMENT_TARGET = 8.1;
				MTL_ENABLE_DEBUG_INFO = YES;
				ONLY_ACTIVE_ARCH = YES;
				SDKROOT = iphoneos;
				SWIFT_OPTIMIZATION_LEVEL = "-Onone";
				TARGETED_DEVICE_FAMILY = "1,2";
			};
			name = Debug;
		};
		FAE1C1D419FC448F004EE2DC /* Release */ = {
			isa = XCBuildConfiguration;
			buildSettings = {
				ALWAYS_SEARCH_USER_PATHS = NO;
				CLANG_CXX_LANGUAGE_STANDARD = "gnu++0x";
				CLANG_CXX_LIBRARY = "libc++";
				CLANG_ENABLE_MODULES = YES;
				CLANG_ENABLE_OBJC_ARC = YES;
				CLANG_WARN_BOOL_CONVERSION = YES;
				CLANG_WARN_CONSTANT_CONVERSION = YES;
				CLANG_WARN_DIRECT_OBJC_ISA_USAGE = YES_ERROR;
				CLANG_WARN_EMPTY_BODY = YES;
				CLANG_WARN_ENUM_CONVERSION = YES;
				CLANG_WARN_INT_CONVERSION = YES;
				CLANG_WARN_OBJC_ROOT_CLASS = YES_ERROR;
				CLANG_WARN_UNREACHABLE_CODE = YES;
				CLANG_WARN__DUPLICATE_METHOD_MATCH = YES;
				"CODE_SIGN_IDENTITY[sdk=iphoneos*]" = "iPhone Developer";
				COPY_PHASE_STRIP = YES;
				ENABLE_NS_ASSERTIONS = NO;
				ENABLE_STRICT_OBJC_MSGSEND = YES;
				GCC_C_LANGUAGE_STANDARD = gnu99;
				GCC_WARN_64_TO_32_BIT_CONVERSION = YES;
				GCC_WARN_ABOUT_RETURN_TYPE = YES_ERROR;
				GCC_WARN_UNDECLARED_SELECTOR = YES;
				GCC_WARN_UNINITIALIZED_AUTOS = YES_AGGRESSIVE;
				GCC_WARN_UNUSED_FUNCTION = YES;
				GCC_WARN_UNUSED_VARIABLE = YES;
				IPHONEOS_DEPLOYMENT_TARGET = 8.1;
				MTL_ENABLE_DEBUG_INFO = NO;
				SDKROOT = iphoneos;
				TARGETED_DEVICE_FAMILY = "1,2";
				VALIDATE_PRODUCT = YES;
			};
			name = Release;
		};
		FAE1C1D619FC448F004EE2DC /* Debug */ = {
			isa = XCBuildConfiguration;
			buildSettings = {
				ASSETCATALOG_COMPILER_APPICON_NAME = AppIcon;
				INFOPLIST_FILE = Postcard/Info.plist;
				LD_RUNPATH_SEARCH_PATHS = "$(inherited) @executable_path/Frameworks";
				PRODUCT_NAME = "$(TARGET_NAME)";
			};
			name = Debug;
		};
		FAE1C1D719FC448F004EE2DC /* Release */ = {
			isa = XCBuildConfiguration;
			buildSettings = {
				ASSETCATALOG_COMPILER_APPICON_NAME = AppIcon;
				INFOPLIST_FILE = Postcard/Info.plist;
				LD_RUNPATH_SEARCH_PATHS = "$(inherited) @executable_path/Frameworks";
				PRODUCT_NAME = "$(TARGET_NAME)";
			};
			name = Release;
		};
		FAE1C1D919FC448F004EE2DC /* Debug */ = {
			isa = XCBuildConfiguration;
			buildSettings = {
				BUNDLE_LOADER = "$(TEST_HOST)";
				FRAMEWORK_SEARCH_PATHS = (
					"$(SDKROOT)/Developer/Library/Frameworks",
					"$(inherited)",
				);
				GCC_PREPROCESSOR_DEFINITIONS = (
					"DEBUG=1",
					"$(inherited)",
				);
				INFOPLIST_FILE = PostcardTests/Info.plist;
				LD_RUNPATH_SEARCH_PATHS = "$(inherited) @executable_path/Frameworks @loader_path/Frameworks";
				PRODUCT_NAME = "$(TARGET_NAME)";
				TEST_HOST = "$(BUILT_PRODUCTS_DIR)/Postcard.app/Postcard";
			};
			name = Debug;
		};
		FAE1C1DA19FC448F004EE2DC /* Release */ = {
			isa = XCBuildConfiguration;
			buildSettings = {
				BUNDLE_LOADER = "$(TEST_HOST)";
				FRAMEWORK_SEARCH_PATHS = (
					"$(SDKROOT)/Developer/Library/Frameworks",
					"$(inherited)",
				);
				INFOPLIST_FILE = PostcardTests/Info.plist;
				LD_RUNPATH_SEARCH_PATHS = "$(inherited) @executable_path/Frameworks @loader_path/Frameworks";
				PRODUCT_NAME = "$(TARGET_NAME)";
				TEST_HOST = "$(BUILT_PRODUCTS_DIR)/Postcard.app/Postcard";
			};
			name = Release;
		};
/* End XCBuildConfiguration section */

/* Begin XCConfigurationList section */
		FAE1C1B119FC448E004EE2DC /* Build configuration list for PBXProject "Postcard" */ = {
			isa = XCConfigurationList;
			buildConfigurations = (
				FAE1C1D319FC448F004EE2DC /* Debug */,
				FAE1C1D419FC448F004EE2DC /* Release */,
			);
			defaultConfigurationIsVisible = 0;
			defaultConfigurationName = Release;
		};
		FAE1C1D519FC448F004EE2DC /* Build configuration list for PBXNativeTarget "Postcard" */ = {
			isa = XCConfigurationList;
			buildConfigurations = (
				FAE1C1D619FC448F004EE2DC /* Debug */,
				FAE1C1D719FC448F004EE2DC /* Release */,
			);
			defaultConfigurationIsVisible = 0;
		};
		FAE1C1D819FC448F004EE2DC /* Build configuration list for PBXNativeTarget "PostcardTests" */ = {
			isa = XCConfigurationList;
			buildConfigurations = (
				FAE1C1D919FC448F004EE2DC /* Debug */,
				FAE1C1DA19FC448F004EE2DC /* Release */,
			);
			defaultConfigurationIsVisible = 0;
		};
/* End XCConfigurationList section */
	};
	rootObject = FAE1C1AE19FC448E004EE2DC /* Project object */;
}
